
Microsoft Visual Studio Solution File, Format Version 12.00
# Visual Studio Version 17
VisualStudioVersion = 17.14.36705.20
MinimumVisualStudioVersion = 10.0.40219.1
Project("{FAE04EC0-301F-11D3-BF4B-00C04F79EFBC}") = "ProjectLanguages", "ProjectLanguages\ProjectLanguages.csproj", "{6AEECFA7-40BE-4AB7-8748-37ED71C7FDDE}"
EndProject
Global
	GlobalSection(SolutionConfigurationPlatforms) = preSolution
		Debug|Any CPU = Debug|Any CPU
		Release|Any CPU = Release|Any CPU
	EndGlobalSection
	GlobalSection(ProjectConfigurationPlatforms) = postSolution
		{6AEECFA7-40BE-4AB7-8748-37ED71C7FDDE}.Debug|Any CPU.ActiveCfg = Debug|Any CPU
		{6AEECFA7-40BE-4AB7-8748-37ED71C7FDDE}.Debug|Any CPU.Build.0 = Debug|Any CPU
		{6AEECFA7-40BE-4AB7-8748-37ED71C7FDDE}.Release|Any CPU.ActiveCfg = Release|Any CPU
		{6AEECFA7-40BE-4AB7-8748-37ED71C7FDDE}.Release|Any CPU.Build.0 = Release|Any CPU
	EndGlobalSection
	GlobalSection(SolutionProperties) = preSolution
		HideSolutionNode = FALSE
	EndGlobalSection
	GlobalSection(ExtensibilityGlobals) = postSolution
		SolutionGuid = {2D292F99-1E49-484A-ADA2-59FEB2F1C2BC}
	EndGlobalSection
EndGlobal
